
Microsoft Visual Studio Solution File, Format Version 12.00
# Visual Studio Version 17
VisualStudioVersion = 17.10.35004.147
MinimumVisualStudioVersion = 10.0.40219.1
Project("{FAE04EC0-301F-11D3-BF4B-00C04F79EFBC}") = "SemanticKernelTest", "SemanticKernelTest.csproj", "{8EAF15F1-0974-4751-956F-74BD2E0B5DB9}"
EndProject
Global
	GlobalSection(SolutionConfigurationPlatforms) = preSolution
		Debug|Any CPU = Debug|Any CPU
		Release|Any CPU = Release|Any CPU
	EndGlobalSection
	GlobalSection(ProjectConfigurationPlatforms) = postSolution
		{8EAF15F1-0974-4751-956F-74BD2E0B5DB9}.Debug|Any CPU.ActiveCfg = Debug|Any CPU
		{8EAF15F1-0974-4751-956F-74BD2E0B5DB9}.Debug|Any CPU.Build.0 = Debug|Any CPU
		{8EAF15F1-0974-4751-956F-74BD2E0B5DB9}.Release|Any CPU.ActiveCfg = Release|Any CPU
		{8EAF15F1-0974-4751-956F-74BD2E0B5DB9}.Release|Any CPU.Build.0 = Release|Any CPU
	EndGlobalSection
	GlobalSection(SolutionProperties) = preSolution
		HideSolutionNode = FALSE
	EndGlobalSection
	GlobalSection(ExtensibilityGlobals) = postSolution
		SolutionGuid = {21F3EC2A-E3F2-4ABB-AF29-7FEB32434448}
	EndGlobalSection
EndGlobal
